
Microsoft Visual Studio Solution File, Format Version 12.00
# Visual Studio Version 17
VisualStudioVersion = 17.7.34031.279
MinimumVisualStudioVersion = 10.0.40219.1
Project("{FAE04EC0-301F-11D3-BF4B-00C04F79EFBC}") = "WeatherApp", "WeatherApp.csproj", "{DDC11ADC-9867-4A63-9558-3409E042C0A6}"
EndProject
Global
	GlobalSection(SolutionConfigurationPlatforms) = preSolution
		Debug|Any CPU = Debug|Any CPU
		Release|Any CPU = Release|Any CPU
	EndGlobalSection
	GlobalSection(ProjectConfigurationPlatforms) = postSolution
		{DDC11ADC-9867-4A63-9558-3409E042C0A6}.Debug|Any CPU.ActiveCfg = Debug|Any CPU
		{DDC11ADC-9867-4A63-9558-3409E042C0A6}.Debug|Any CPU.Build.0 = Debug|Any CPU
		{DDC11ADC-9867-4A63-9558-3409E042C0A6}.Release|Any CPU.ActiveCfg = Release|Any CPU
		{DDC11ADC-9867-4A63-9558-3409E042C0A6}.Release|Any CPU.Build.0 = Release|Any CPU
	EndGlobalSection
	GlobalSection(SolutionProperties) = preSolution
		HideSolutionNode = FALSE
	EndGlobalSection
	GlobalSection(ExtensibilityGlobals) = postSolution
		SolutionGuid = {B6FDE0BA-29D8-43DF-8649-FD46E699BFA1}
	EndGlobalSection
EndGlobal
